{
    "_meta": {
        "hash": {
            "sha256": "2e4ef15f9e2ebc6e42de6378db78eafdf29932a0cb4f987db5ed07227d80047e"
        },
        "pipfile-spec": 6,
        "requires": {
            "python_version": "3.8"
        },
        "sources": [
            {
                "name": "pypi",
                "url": "https://pypi.org/simple",
                "verify_ssl": true
            }
        ]
    },
    "default": {
        "pychalk": {
            "hashes": [
                "sha256:f763275f6fa68835a30d22c2449f73724d569f33532a031d26e32edc604e7e39"
            ],
            "index": "pypi",
            "version": "==2.0.1"
        },
        "six": {
            "hashes": [
                "sha256:30639c035cdb23534cd4aa2dd52c3bf48f06e5f4a941509c8bafd8ce11080259",
                "sha256:8b74bedcbbbaca38ff6d7491d76f2b06b3592611af620f8426e82dddb04a5ced"
            ],
            "version": "==1.15.0"
        }
    },
    "develop": {}
}
